
Microsoft Visual Studio Solution File, Format Version 12.00
# Visual Studio 15
VisualStudioVersion = 15.0.27004.2010
MinimumVisualStudioVersion = 10.0.40219.1
Project("{FAE04EC0-301F-11D3-BF4B-00C04F79EFBC}") = "Calculator", "Calculator\Calculator.csproj", "{DD46B1B4-5ECF-4415-9C09-563BD4A04F0A}"
EndProject
Global
	GlobalSection(SolutionConfigurationPlatforms) = preSolution
		Debug|Any CPU = Debug|Any CPU
		Release|Any CPU = Release|Any CPU
	EndGlobalSection
	GlobalSection(ProjectConfigurationPlatforms) = postSolution
		{DD46B1B4-5ECF-4415-9C09-563BD4A04F0A}.Debug|Any CPU.ActiveCfg = Debug|Any CPU
		{DD46B1B4-5ECF-4415-9C09-563BD4A04F0A}.Debug|Any CPU.Build.0 = Debug|Any CPU
		{DD46B1B4-5ECF-4415-9C09-563BD4A04F0A}.Release|Any CPU.ActiveCfg = Release|Any CPU
		{DD46B1B4-5ECF-4415-9C09-563BD4A04F0A}.Release|Any CPU.Build.0 = Release|Any CPU
	EndGlobalSection
	GlobalSection(SolutionProperties) = preSolution
		HideSolutionNode = FALSE
	EndGlobalSection
	GlobalSection(ExtensibilityGlobals) = postSolution
		SolutionGuid = {D8BE92A5-EC26-489E-9880-5623A791E0B0}
	EndGlobalSection
EndGlobal
